// !$*UTF8*$!
{
	archiveVersion = 1;
	classes = {
	};
	objectVersion = 50;
	objects = {

/* Begin PBXBuildFile section */
		155D83F524D083CE00FCCA00 /* AppDelegate.swift in Sources */ = {isa = PBXBuildFile; fileRef = 155D83F424D083CE00FCCA00 /* AppDelegate.swift */; };
		155D83F724D083CE00FCCA00 /* SceneDelegate.swift in Sources */ = {isa = PBXBuildFile; fileRef = 155D83F624D083CE00FCCA00 /* SceneDelegate.swift */; };
		155D83F924D083CE00FCCA00 /* ViewController.swift in Sources */ = {isa = PBXBuildFile; fileRef = 155D83F824D083CE00FCCA00 /* ViewController.swift */; };
		155D83FC24D083CE00FCCA00 /* Main.storyboard in Resources */ = {isa = PBXBuildFile; fileRef = 155D83FA24D083CE00FCCA00 /* Main.storyboard */; };
		155D83FF24D083CE00FCCA00 /* todolistnew.xcdatamodeld in Sources */ = {isa = PBXBuildFile; fileRef = 155D83FD24D083CE00FCCA00 /* todolistnew.xcdatamodeld */; };
		155D840124D083D300FCCA00 /* Assets.xcassets in Resources */ = {isa = PBXBuildFile; fileRef = 155D840024D083D300FCCA00 /* Assets.xcassets */; };
		155D840424D083D300FCCA00 /* LaunchScreen.storyboard in Resources */ = {isa = PBXBuildFile; fileRef = 155D840224D083D300FCCA00 /* LaunchScreen.storyboard */; };
/* End PBXBuildFile section */

/* Begin PBXFileReference section */
		155D83F124D083CE00FCCA00 /* todolistnew.app */ = {isa = PBXFileReference; explicitFileType = wrapper.application; includeInIndex = 0; path = todolistnew.app; sourceTree = BUILT_PRODUCTS_DIR; };
		155D83F424D083CE00FCCA00 /* AppDelegate.swift */ = {isa = PBXFileReference; lastKnownFileType = sourcecode.swift; path = AppDelegate.swift; sourceTree = "<group>"; };
		155D83F624D083CE00FCCA00 /* SceneDelegate.swift */ = {isa = PBXFileReference; lastKnownFileType = sourcecode.swift; path = SceneDelegate.swift; sourceTree = "<group>"; };
		155D83F824D083CE00FCCA00 /* ViewController.swift */ = {isa = PBXFileReference; lastKnownFileType = sourcecode.swift; path = ViewController.swift; sourceTree = "<group>"; };
		155D83FB24D083CE00FCCA00 /* Base */ = {isa = PBXFileReference; lastKnownFileType = file.storyboard; name = Base; path = Base.lproj/Main.storyboard; sourceTree = "<group>"; };
		155D83FE24D083CE00FCCA00 /* todolistnew.xcdatamodel */ = {isa = PBXFileReference; lastKnownFileType = wrapper.xcdatamodel; path = todolistnew.xcdatamodel; sourceTree = "<group>"; };
		155D840024D083D300FCCA00 /* Assets.xcassets */ = {isa = PBXFileReference; lastKnownFileType = folder.assetcatalog; path = Assets.xcassets; sourceTree = "<group>"; };
		155D840324D083D300FCCA00 /* Base */ = {isa = PBXFileReference; lastKnownFileType = file.storyboard; name = Base; path = Base.lproj/LaunchScreen.storyboard; sourceTree = "<group>"; };
		155D840524D083D300FCCA00 /* Info.plist */ = {isa = PBXFileReference; lastKnownFileType = text.plist.xml; path = Info.plist; sourceTree = "<group>"; };
/* End PBXFileReference section */

/* Begin PBXFrameworksBuildPhase section */
		155D83EE24D083CE00FCCA00 /* Frameworks */ = {
			isa = PBXFrameworksBuildPhase;
			buildActionMask = 2147483647;
			files = (
			);
			runOnlyForDeploymentPostprocessing = 0;
		};
/* End PBXFrameworksBuildPhase section */

/* Begin PBXGroup section */
		155D83E824D083CE00FCCA00 = {
			isa = PBXGroup;
			children = (
				155D83F324D083CE00FCCA00 /* todolistnew */,
				155D83F224D083CE00FCCA00 /* Products */,
			);
			sourceTree = "<group>";
		};
		155D83F224D083CE00FCCA00 /* Products */ = {
			isa = PBXGroup;
			children = (
				155D83F124D083CE00FCCA00 /* todolistnew.app */,
			);
			name = Products;
			sourceTree = "<group>";
		};
		155D83F324D083CE00FCCA00 /* todolistnew */ = {
			isa = PBXGroup;
			children = (
				155D83F424D083CE00FCCA00 /* AppDelegate.swift */,
				155D83F624D083CE00FCCA00 /* SceneDelegate.swift */,
				155D83F824D083CE00FCCA00 /* ViewController.swift */,
				155D83FA24D083CE00FCCA00 /* Main.storyboard */,
				155D840024D083D300FCCA00 /* Assets.xcassets */,
				155D840224D083D300FCCA00 /* LaunchScreen.storyboard */,
				155D840524D083D300FCCA00 /* Info.plist */,
				155D83FD24D083CE00FCCA00 /* todolistnew.xcdatamodeld */,
			);
			path = todolistnew;
			sourceTree = "<group>";
		};
/* End PBXGroup section */

/* Begin PBXNativeTarget section */
		155D83F024D083CE00FCCA00 /* todolistnew */ = {
			isa = PBXNativeTarget;
			buildConfigurationList = 155D840824D083D300FCCA00 /* Build configuration list for PBXNativeTarget "todolistnew" */;
			buildPhases = (
				155D83ED24D083CE00FCCA00 /* Sources */,
				155D83EE24D083CE00FCCA00 /* Frameworks */,
				155D83EF24D083CE00FCCA00 /* Resources */,
			);
			buildRules = (
			);
			dependencies = (
			);
			name = todolistnew;
			productName = todolistnew;
			productReference = 155D83F124D083CE00FCCA00 /* todolistnew.app */;
			productType = "com.apple.product-type.application";
		};
/* End PBXNativeTarget section */

/* Begin PBXProject section */
		155D83E924D083CE00FCCA00 /* Project object */ = {
			isa = PBXProject;
			attributes = {
				LastSwiftUpdateCheck = 1160;
				LastUpgradeCheck = 1160;
				ORGANIZATIONNAME = "Trisha Gannu";
				TargetAttributes = {
					155D83F024D083CE00FCCA00 = {
						CreatedOnToolsVersion = 11.6;
					};
				};
			};
			buildConfigurationList = 155D83EC24D083CE00FCCA00 /* Build configuration list for PBXProject "todolistnew" */;
			compatibilityVersion = "Xcode 9.3";
			developmentRegion = en;
			hasScannedForEncodings = 0;
			knownRegions = (
				en,
				Base,
			);
			mainGroup = 155D83E824D083CE00FCCA00;
			productRefGroup = 155D83F224D083CE00FCCA00 /* Products */;
			projectDirPath = "";
			projectRoot = "";
			targets = (
				155D83F024D083CE00FCCA00 /* todolistnew */,
			);
		};
/* End PBXProject section */

/* Begin PBXResourcesBuildPhase section */
		155D83EF24D083CE00FCCA00 /* Resources */ = {
			isa = PBXResourcesBuildPhase;
			buildActionMask = 2147483647;
			files = (
				155D840424D083D300FCCA00 /* LaunchScreen.storyboard in Resources */,
				155D840124D083D300FCCA00 /* Assets.xcassets in Resources */,
				155D83FC24D083CE00FCCA00 /* Main.storyboard in Resources */,
			);
			runOnlyForDeploymentPostprocessing = 0;
		};
/* End PBXResourcesBuildPhase section */

/* Begin PBXSourcesBuildPhase section */
		155D83ED24D083CE00FCCA00 /* Sources */ = {
			isa = PBXSourcesBuildPhase;
			buildActionMask = 2147483647;
			files = (
				155D83FF24D083CE00FCCA00 /* todolistnew.xcdatamodeld in Sources */,
				155D83F924D083CE00FCCA00 /* ViewController.swift in Sources */,
				155D83F524D083CE00FCCA00 /* AppDelegate.swift in Sources */,
				155D83F724D083CE00FCCA00 /* SceneDelegate.swift in Sources */,
			);
			runOnlyForDeploymentPostprocessing = 0;
		};
/* End PBXSourcesBuildPhase section */

/* Begin PBXVariantGroup section */
		155D83FA24D083CE00FCCA00 /* Main.storyboard */ = {
			isa = PBXVariantGroup;
			children = (
				155D83FB24D083CE00FCCA00 /* Base */,
			);
			name = Main.storyboard;
			sourceTree = "<group>";
		};
		155D840224D083D300FCCA00 /* LaunchScreen.storyboard */ = {
			isa = PBXVariantGroup;
			children = (
				155D840324D083D300FCCA00 /* Base */,
			);
			name = LaunchScreen.storyboard;
			sourceTree = "<group>";
		};
/* End PBXVariantGroup section */

/* Begin XCBuildConfiguration section */
		155D840624D083D300FCCA00 /* Debug */ = {
			isa = XCBuildConfiguration;
			buildSettings = {
				ALWAYS_SEARCH_USER_PATHS = NO;
				CLANG_ANALYZER_NONNULL = YES;
				CLANG_ANALYZER_NUMBER_OBJECT_CONVERSION = YES_AGGRESSIVE;
				CLANG_CXX_LANGUAGE_STANDARD = "gnu++14";
				CLANG_CXX_LIBRARY = "libc++";
				CLANG_ENABLE_MODULES = YES;
				CLANG_ENABLE_OBJC_ARC = YES;
				CLANG_ENABLE_OBJC_WEAK = YES;
				CLANG_WARN_BLOCK_CAPTURE_AUTORELEASING = YES;
				CLANG_WARN_BOOL_CONVERSION = YES;
				CLANG_WARN_COMMA = YES;
				CLANG_WARN_CONSTANT_CONVERSION = YES;
				CLANG_WARN_DEPRECATED_OBJC_IMPLEMENTATIONS = YES;
				CLANG_WARN_DIRECT_OBJC_ISA_USAGE = YES_ERROR;
				CLANG_WARN_DOCUMENTATION_COMMENTS = YES;
				CLANG_WARN_EMPTY_BODY = YES;
				CLANG_WARN_ENUM_CONVERSION = YES;
				CLANG_WARN_INFINITE_RECURSION = YES;
				CLANG_WARN_INT_CONVERSION = YES;
				CLANG_WARN_NON_LITERAL_NULL_CONVERSION = YES;
				CLANG_WARN_OBJC_IMPLICIT_RETAIN_SELF = YES;
				CLANG_WARN_OBJC_LITERAL_CONVERSION = YES;
				CLANG_WARN_OBJC_ROOT_CLASS = YES_ERROR;
				CLANG_WARN_RANGE_LOOP_ANALYSIS = YES;
				CLANG_WARN_STRICT_PROTOTYPES = YES;
				CLANG_WARN_SUSPICIOUS_MOVE = YES;
				CLANG_WARN_UNGUARDED_AVAILABILITY = YES_AGGRESSIVE;
				CLANG_WARN_UNREACHABLE_CODE = YES;
				CLANG_WARN__DUPLICATE_METHOD_MATCH = YES;
				COPY_PHASE_STRIP = NO;
				DEBUG_INFORMATION_FORMAT = dwarf;
				ENABLE_STRICT_OBJC_MSGSEND = YES;
				ENABLE_TESTABILITY = YES;
				GCC_C_LANGUAGE_STANDARD = gnu11;
				GCC_DYNAMIC_NO_PIC = NO;
				GCC_NO_COMMON_BLOCKS = YES;
				GCC_OPTIMIZATION_LEVEL = 0;
				GCC_PREPROCESSOR_DEFINITIONS = (
					"DEBUG=1",
					"$(inherited)",
				);
				GCC_WARN_64_TO_32_BIT_CONVERSION = YES;
				GCC_WARN_ABOUT_RETURN_TYPE = YES_ERROR;
				GCC_WARN_UNDECLARED_SELECTOR = YES;
				GCC_WARN_UNINITIALIZED_AUTOS = YES_AGGRESSIVE;
				GCC_WARN_UNUSED_FUNCTION = YES;
				GCC_WARN_UNUSED_VARIABLE = YES;
				IPHONEOS_DEPLOYMENT_TARGET = 13.6;
				MTL_ENABLE_DEBUG_INFO = INCLUDE_SOURCE;
				MTL_FAST_MATH = YES;
				ONLY_ACTIVE_ARCH = YES;
				SDKROOT = iphoneos;
				SWIFT_ACTIVE_COMPILATION_CONDITIONS = DEBUG;
				SWIFT_OPTIMIZATION_LEVEL = "-Onone";
			};
			name = Debug;
		};
		155D840724D083D300FCCA00 /* Release */ = {
			isa = XCBuildConfiguration;
			buildSettings = {
				ALWAYS_SEARCH_USER_PATHS = NO;
				CLANG_ANALYZER_NONNULL = YES;
				CLANG_ANALYZER_NUMBER_OBJECT_CONVERSION = YES_AGGRESSIVE;
				CLANG_CXX_LANGUAGE_STANDARD = "gnu++14";
				CLANG_CXX_LIBRARY = "libc++";
				CLANG_ENABLE_MODULES = YES;
				CLANG_ENABLE_OBJC_ARC = YES;
				CLANG_ENABLE_OBJC_WEAK = YES;
				CLANG_WARN_BLOCK_CAPTURE_AUTORELEASING = YES;
				CLANG_WARN_BOOL_CONVERSION = YES;
				CLANG_WARN_COMMA = YES;
				CLANG_WARN_CONSTANT_CONVERSION = YES;
				CLANG_WARN_DEPRECATED_OBJC_IMPLEMENTATIONS = YES;
				CLANG_WARN_DIRECT_OBJC_ISA_USAGE = YES_ERROR;
				CLANG_WARN_DOCUMENTATION_COMMENTS = YES;
				CLANG_WARN_EMPTY_BODY = YES;
				CLANG_WARN_ENUM_CONVERSION = YES;
				CLANG_WARN_INFINITE_RECURSION = YES;
				CLANG_WARN_INT_CONVERSION = YES;
				CLANG_WARN_NON_LITERAL_NULL_CONVERSION = YES;
				CLANG_WARN_OBJC_IMPLICIT_RETAIN_SELF = YES;
				CLANG_WARN_OBJC_LITERAL_CONVERSION = YES;
				CLANG_WARN_OBJC_ROOT_CLASS = YES_ERROR;
				CLANG_WARN_RANGE_LOOP_ANALYSIS = YES;
				CLANG_WARN_STRICT_PROTOTYPES = YES;
				CLANG_WARN_SUSPICIOUS_MOVE = YES;
				CLANG_WARN_UNGUARDED_AVAILABILITY = YES_AGGRESSIVE;
				CLANG_WARN_UNREACHABLE_CODE = YES;
				CLANG_WARN__DUPLICATE_METHOD_MATCH = YES;
				COPY_PHASE_STRIP = NO;
				DEBUG_INFORMATION_FORMAT = "dwarf-with-dsym";
				ENABLE_NS_ASSERTIONS = NO;
				ENABLE_STRICT_OBJC_MSGSEND = YES;
				GCC_C_LANGUAGE_STANDARD = gnu11;
				GCC_NO_COMMON_BLOCKS = YES;
				GCC_WARN_64_TO_32_BIT_CONVERSION = YES;
				GCC_WARN_ABOUT_RETURN_TYPE = YES_ERROR;
				GCC_WARN_UNDECLARED_SELECTOR = YES;
				GCC_WARN_UNINITIALIZED_AUTOS = YES_AGGRESSIVE;
				GCC_WARN_UNUSED_FUNCTION = YES;
				GCC_WARN_UNUSED_VARIABLE = YES;
				IPHONEOS_DEPLOYMENT_TARGET = 13.6;
				MTL_ENABLE_DEBUG_INFO = NO;
				MTL_FAST_MATH = YES;
				SDKROOT = iphoneos;
				SWIFT_COMPILATION_MODE = wholemodule;
				SWIFT_OPTIMIZATION_LEVEL = "-O";
				VALIDATE_PRODUCT = YES;
			};
			name = Release;
		};
		155D840924D083D300FCCA00 /* Debug */ = {
			isa = XCBuildConfiguration;
			buildSettings = {
				ASSETCATALOG_COMPILER_APPICON_NAME = AppIcon;
				CODE_SIGN_STYLE = Automatic;
				DEVELOPMENT_TEAM = 63VD8725FS;
				INFOPLIST_FILE = todolistnew/Info.plist;
				LD_RUNPATH_SEARCH_PATHS = (
					"$(inherited)",
					"@executable_path/Frameworks",
				);
				PRODUCT_BUNDLE_IDENTIFIER = KWK.todolistnew;
				PRODUCT_NAME = "$(TARGET_NAME)";
				SWIFT_VERSION = 5.0;
				TARGETED_DEVICE_FAMILY = "1,2";
			};
			name = Debug;
		};
		155D840A24D083D300FCCA00 /* Release */ = {
			isa = XCBuildConfiguration;
			buildSettings = {
				ASSETCATALOG_COMPILER_APPICON_NAME = AppIcon;
				CODE_SIGN_STYLE = Automatic;
				DEVELOPMENT_TEAM = 63VD8725FS;
				INFOPLIST_FILE = todolistnew/Info.plist;
				LD_RUNPATH_SEARCH_PATHS = (
					"$(inherited)",
					"@executable_path/Frameworks",
				);
				PRODUCT_BUNDLE_IDENTIFIER = KWK.todolistnew;
				PRODUCT_NAME = "$(TARGET_NAME)";
				SWIFT_VERSION = 5.0;
				TARGETED_DEVICE_FAMILY = "1,2";
			};
			name = Release;
		};
/* End XCBuildConfiguration section */

/* Begin XCConfigurationList section */
		155D83EC24D083CE00FCCA00 /* Build configuration list for PBXProject "todolistnew" */ = {
			isa = XCConfigurationList;
			buildConfigurations = (
				155D840624D083D300FCCA00 /* Debug */,
				155D840724D083D300FCCA00 /* Release */,
			);
			defaultConfigurationIsVisible = 0;
			defaultConfigurationName = Release;
		};
		155D840824D083D300FCCA00 /* Build configuration list for PBXNativeTarget "todolistnew" */ = {
			isa = XCConfigurationList;
			buildConfigurations = (
				155D840924D083D300FCCA00 /* Debug */,
				155D840A24D083D300FCCA00 /* Release */,
			);
			defaultConfigurationIsVisible = 0;
			defaultConfigurationName = Release;
		};
/* End XCConfigurationList section */

/* Begin XCVersionGroup section */
		155D83FD24D083CE00FCCA00 /* todolistnew.xcdatamodeld */ = {
			isa = XCVersionGroup;
			children = (
				155D83FE24D083CE00FCCA00 /* todolistnew.xcdatamodel */,
			);
			currentVersion = 155D83FE24D083CE00FCCA00 /* todolistnew.xcdatamodel */;
			path = todolistnew.xcdatamodeld;
			sourceTree = "<group>";
			versionGroupType = wrapper.xcdatamodel;
		};
/* End XCVersionGroup section */
	};
	rootObject = 155D83E924D083CE00FCCA00 /* Project object */;
}
